
Microsoft Visual Studio Solution File, Format Version 12.00
# Visual Studio Version 17
VisualStudioVersion = 17.9.34622.214
MinimumVisualStudioVersion = 10.0.40219.1
Project("{FAE04EC0-301F-11D3-BF4B-00C04F79EFBC}") = "EFDemo", "EFDemo\EFDemo.csproj", "{4A43F66E-2BB0-45AF-B62B-528FE19B79D1}"
EndProject
Project("{FAE04EC0-301F-11D3-BF4B-00C04F79EFBC}") = "Acceso Datos", "Acceso Datos\Acceso Datos.csproj", "{40863360-F58F-4AC4-AC34-477897141E07}"
EndProject
Global
	GlobalSection(SolutionConfigurationPlatforms) = preSolution
		Debug|Any CPU = Debug|Any CPU
		Release|Any CPU = Release|Any CPU
	EndGlobalSection
	GlobalSection(ProjectConfigurationPlatforms) = postSolution
		{4A43F66E-2BB0-45AF-B62B-528FE19B79D1}.Debug|Any CPU.ActiveCfg = Debug|Any CPU
		{4A43F66E-2BB0-45AF-B62B-528FE19B79D1}.Debug|Any CPU.Build.0 = Debug|Any CPU
		{4A43F66E-2BB0-45AF-B62B-528FE19B79D1}.Release|Any CPU.ActiveCfg = Release|Any CPU
		{4A43F66E-2BB0-45AF-B62B-528FE19B79D1}.Release|Any CPU.Build.0 = Release|Any CPU
		{40863360-F58F-4AC4-AC34-477897141E07}.Debug|Any CPU.ActiveCfg = Debug|Any CPU
		{40863360-F58F-4AC4-AC34-477897141E07}.Debug|Any CPU.Build.0 = Debug|Any CPU
		{40863360-F58F-4AC4-AC34-477897141E07}.Release|Any CPU.ActiveCfg = Release|Any CPU
		{40863360-F58F-4AC4-AC34-477897141E07}.Release|Any CPU.Build.0 = Release|Any CPU
	EndGlobalSection
	GlobalSection(SolutionProperties) = preSolution
		HideSolutionNode = FALSE
	EndGlobalSection
	GlobalSection(ExtensibilityGlobals) = postSolution
		SolutionGuid = {5AB98572-0403-4971-9298-774E88F6B983}
	EndGlobalSection
EndGlobal
