
Microsoft Visual Studio Solution File, Format Version 12.00
# Visual Studio Version 17
VisualStudioVersion = 17.9.34622.214
MinimumVisualStudioVersion = 10.0.40219.1
Project("{9A19103F-16F7-4668-BE54-9A1E7A4F7556}") = "Variables", "Variables\Variables.csproj", "{1FAB8029-9F09-46F8-B49C-40B0ACAD073B}"
EndProject
Project("{FAE04EC0-301F-11D3-BF4B-00C04F79EFBC}") = "Intercambio", "Intercambio\Intercambio.csproj", "{F35E978B-73E7-4106-927E-59B9EF9FC807}"
EndProject
Project("{FAE04EC0-301F-11D3-BF4B-00C04F79EFBC}") = "Bucle", "Bucle\Bucle.csproj", "{7106DD88-86AD-482D-9EE3-D4219957DB13}"
EndProject
Project("{FAE04EC0-301F-11D3-BF4B-00C04F79EFBC}") = "For", "For\For.csproj", "{A5E56CAD-8ACC-4F4C-AE42-2CC79D30624B}"
EndProject
Global
	GlobalSection(SolutionConfigurationPlatforms) = preSolution
		Debug|Any CPU = Debug|Any CPU
		Release|Any CPU = Release|Any CPU
	EndGlobalSection
	GlobalSection(ProjectConfigurationPlatforms) = postSolution
		{1FAB8029-9F09-46F8-B49C-40B0ACAD073B}.Debug|Any CPU.ActiveCfg = Debug|Any CPU
		{1FAB8029-9F09-46F8-B49C-40B0ACAD073B}.Debug|Any CPU.Build.0 = Debug|Any CPU
		{1FAB8029-9F09-46F8-B49C-40B0ACAD073B}.Release|Any CPU.ActiveCfg = Release|Any CPU
		{1FAB8029-9F09-46F8-B49C-40B0ACAD073B}.Release|Any CPU.Build.0 = Release|Any CPU
		{F35E978B-73E7-4106-927E-59B9EF9FC807}.Debug|Any CPU.ActiveCfg = Debug|Any CPU
		{F35E978B-73E7-4106-927E-59B9EF9FC807}.Debug|Any CPU.Build.0 = Debug|Any CPU
		{F35E978B-73E7-4106-927E-59B9EF9FC807}.Release|Any CPU.ActiveCfg = Release|Any CPU
		{F35E978B-73E7-4106-927E-59B9EF9FC807}.Release|Any CPU.Build.0 = Release|Any CPU
		{7106DD88-86AD-482D-9EE3-D4219957DB13}.Debug|Any CPU.ActiveCfg = Debug|Any CPU
		{7106DD88-86AD-482D-9EE3-D4219957DB13}.Debug|Any CPU.Build.0 = Debug|Any CPU
		{7106DD88-86AD-482D-9EE3-D4219957DB13}.Release|Any CPU.ActiveCfg = Release|Any CPU
		{7106DD88-86AD-482D-9EE3-D4219957DB13}.Release|Any CPU.Build.0 = Release|Any CPU
		{A5E56CAD-8ACC-4F4C-AE42-2CC79D30624B}.Debug|Any CPU.ActiveCfg = Debug|Any CPU
		{A5E56CAD-8ACC-4F4C-AE42-2CC79D30624B}.Debug|Any CPU.Build.0 = Debug|Any CPU
		{A5E56CAD-8ACC-4F4C-AE42-2CC79D30624B}.Release|Any CPU.ActiveCfg = Release|Any CPU
		{A5E56CAD-8ACC-4F4C-AE42-2CC79D30624B}.Release|Any CPU.Build.0 = Release|Any CPU
	EndGlobalSection
	GlobalSection(SolutionProperties) = preSolution
		HideSolutionNode = FALSE
	EndGlobalSection
	GlobalSection(ExtensibilityGlobals) = postSolution
		SolutionGuid = {E640237B-C08C-446B-8FD6-555C15F3C091}
	EndGlobalSection
EndGlobal
